
Microsoft Visual Studio Solution File, Format Version 12.00
# Visual Studio Version 16
VisualStudioVersion = 16.0.35130.168
MinimumVisualStudioVersion = 10.0.40219.1
Project("{FAE04EC0-301F-11D3-BF4B-00C04F79EFBC}") = "Jugador", "Jugador\Jugador.csproj", "{DC9CB240-C7E0-4E43-9F4F-F8691CAA11B5}"
EndProject
Global
	GlobalSection(SolutionConfigurationPlatforms) = preSolution
		Debug|Any CPU = Debug|Any CPU
		Release|Any CPU = Release|Any CPU
	EndGlobalSection
	GlobalSection(ProjectConfigurationPlatforms) = postSolution
		{DC9CB240-C7E0-4E43-9F4F-F8691CAA11B5}.Debug|Any CPU.ActiveCfg = Debug|Any CPU
		{DC9CB240-C7E0-4E43-9F4F-F8691CAA11B5}.Debug|Any CPU.Build.0 = Debug|Any CPU
		{DC9CB240-C7E0-4E43-9F4F-F8691CAA11B5}.Release|Any CPU.ActiveCfg = Release|Any CPU
		{DC9CB240-C7E0-4E43-9F4F-F8691CAA11B5}.Release|Any CPU.Build.0 = Release|Any CPU
	EndGlobalSection
	GlobalSection(SolutionProperties) = preSolution
		HideSolutionNode = FALSE
	EndGlobalSection
	GlobalSection(ExtensibilityGlobals) = postSolution
		SolutionGuid = {683A0995-31AB-41F7-82FE-18A61057AE58}
	EndGlobalSection
EndGlobal
