
Microsoft Visual Studio Solution File, Format Version 12.00
# Visual Studio Version 17
VisualStudioVersion = 17.13.35919.96 d17.13
MinimumVisualStudioVersion = 10.0.40219.1
Project("{FAE04EC0-301F-11D3-BF4B-00C04F79EFBC}") = "CuentaBancaria", "CuentaBancaria\CuentaBancaria.csproj", "{8008FA2B-1457-4E0C-8683-CB8C06D63556}"
EndProject
Global
	GlobalSection(SolutionConfigurationPlatforms) = preSolution
		Debug|Any CPU = Debug|Any CPU
		Release|Any CPU = Release|Any CPU
	EndGlobalSection
	GlobalSection(ProjectConfigurationPlatforms) = postSolution
		{8008FA2B-1457-4E0C-8683-CB8C06D63556}.Debug|Any CPU.ActiveCfg = Debug|Any CPU
		{8008FA2B-1457-4E0C-8683-CB8C06D63556}.Debug|Any CPU.Build.0 = Debug|Any CPU
		{8008FA2B-1457-4E0C-8683-CB8C06D63556}.Release|Any CPU.ActiveCfg = Release|Any CPU
		{8008FA2B-1457-4E0C-8683-CB8C06D63556}.Release|Any CPU.Build.0 = Release|Any CPU
	EndGlobalSection
	GlobalSection(SolutionProperties) = preSolution
		HideSolutionNode = FALSE
	EndGlobalSection
	GlobalSection(ExtensibilityGlobals) = postSolution
		SolutionGuid = {50BACC76-B9D8-477E-93ED-8F0FED03B5D5}
	EndGlobalSection
EndGlobal
